
Microsoft Visual Studio Solution File, Format Version 12.00
# Visual Studio Version 16
VisualStudioVersion = 16.0.29001.49
MinimumVisualStudioVersion = 10.0.40219.1
Project("{FAE04EC0-301F-11D3-BF4B-00C04F79EFBC}") = "circles", "circles\circles.csproj", "{B67F3145-C6DD-43DD-B0D9-5D3C556FDD6D}"
EndProject
Global
	GlobalSection(SolutionConfigurationPlatforms) = preSolution
		Debug|Any CPU = Debug|Any CPU
		Release|Any CPU = Release|Any CPU
	EndGlobalSection
	GlobalSection(ProjectConfigurationPlatforms) = postSolution
		{B67F3145-C6DD-43DD-B0D9-5D3C556FDD6D}.Debug|Any CPU.ActiveCfg = Debug|Any CPU
		{B67F3145-C6DD-43DD-B0D9-5D3C556FDD6D}.Debug|Any CPU.Build.0 = Debug|Any CPU
		{B67F3145-C6DD-43DD-B0D9-5D3C556FDD6D}.Release|Any CPU.ActiveCfg = Release|Any CPU
		{B67F3145-C6DD-43DD-B0D9-5D3C556FDD6D}.Release|Any CPU.Build.0 = Release|Any CPU
	EndGlobalSection
	GlobalSection(SolutionProperties) = preSolution
		HideSolutionNode = FALSE
	EndGlobalSection
	GlobalSection(ExtensibilityGlobals) = postSolution
		SolutionGuid = {3D4FFA78-6AC3-4AB9-A633-9DBB06137834}
	EndGlobalSection
EndGlobal
